// !$*UTF8*$!
{
	archiveVersion = 1;
	classes = {
	};
	objectVersion = 77;
	objects = {

/* Begin PBXBuildFile section */
		2A5E4C722F31900400B35848 /* HealthkitAPI Watch App.app in Embed Watch Content */ = {isa = PBXBuildFile; fileRef = 2A5E4C712F31900400B35848 /* HealthkitAPI Watch App.app */; settings = {ATTRIBUTES = (RemoveHeadersOnCopy, ); }; };
		2A5E4C9D2F31BFCE00B35848 /* FirebaseAuth in Frameworks */ = {isa = PBXBuildFile; productRef = 2A5E4C9C2F31BFCE00B35848 /* FirebaseAuth */; };
		2A5E4C9F2F31BFCE00B35848 /* FirebaseCore in Frameworks */ = {isa = PBXBuildFile; productRef = 2A5E4C9E2F31BFCE00B35848 /* FirebaseCore */; };
		2A5E4CA12F31BFCE00B35848 /* FirebaseDatabase in Frameworks */ = {isa = PBXBuildFile; productRef = 2A5E4CA02F31BFCE00B35848 /* FirebaseDatabase */; };
		2A5E4CA32F31BFCE00B35848 /* FirebaseFirestore in Frameworks */ = {isa = PBXBuildFile; productRef = 2A5E4CA22F31BFCE00B35848 /* FirebaseFirestore */; };
/* End PBXBuildFile section */

/* Begin PBXContainerItemProxy section */
		2A5E4C732F31900400B35848 /* PBXContainerItemProxy */ = {
			isa = PBXContainerItemProxy;
			containerPortal = 2A5E4C652F31900300B35848 /* Project object */;
			proxyType = 1;
			remoteGlobalIDString = 2A5E4C702F31900400B35848;
			remoteInfo = "HealthkitAPI Watch App";
		};
/* End PBXContainerItemProxy section */

/* Begin PBXCopyFilesBuildPhase section */
		2A5E4C812F31900500B35848 /* Embed Watch Content */ = {
			isa = PBXCopyFilesBuildPhase;
			buildActionMask = 2147483647;
			dstPath = "$(CONTENTS_FOLDER_PATH)/Watch";
			dstSubfolderSpec = 16;
			files = (
				2A5E4C722F31900400B35848 /* HealthkitAPI Watch App.app in Embed Watch Content */,
			);
			name = "Embed Watch Content";
			runOnlyForDeploymentPostprocessing = 0;
		};
/* End PBXCopyFilesBuildPhase section */

/* Begin PBXFileReference section */
		2A5E4C6B2F31900400B35848 /* HealthkitAPI.app */ = {isa = PBXFileReference; explicitFileType = wrapper.application; includeInIndex = 0; path = HealthkitAPI.app; sourceTree = BUILT_PRODUCTS_DIR; };
		2A5E4C712F31900400B35848 /* HealthkitAPI Watch App.app */ = {isa = PBXFileReference; explicitFileType = wrapper.application; includeInIndex = 0; path = "HealthkitAPI Watch App.app"; sourceTree = BUILT_PRODUCTS_DIR; };
/* End PBXFileReference section */

/* Begin PBXFileSystemSynchronizedBuildFileExceptionSet section */
		2A5E4CA42F31C0FF00B35848 /* Exceptions for "HealthkitAPI Watch App" folder in "HealthkitAPI Watch App" target */ = {
			isa = PBXFileSystemSynchronizedBuildFileExceptionSet;
			membershipExceptions = (
				Info.plist,
			);
			target = 2A5E4C702F31900400B35848 /* HealthkitAPI Watch App */;
		};
		2A9A07FB2F31CCA4004C8844 /* Exceptions for "HealthkitAPI Watch App" folder in "HealthkitAPI" target */ = {
			isa = PBXFileSystemSynchronizedBuildFileExceptionSet;
			membershipExceptions = (
				"GoogleService-Info.plist",
			);
			target = 2A5E4C6A2F31900400B35848 /* HealthkitAPI */;
		};
/* End PBXFileSystemSynchronizedBuildFileExceptionSet section */

/* Begin PBXFileSystemSynchronizedRootGroup section */
		2A5E4C752F31900400B35848 /* HealthkitAPI Watch App */ = {
			isa = PBXFileSystemSynchronizedRootGroup;
			exceptions = (
				2A9A07FB2F31CCA4004C8844 /* Exceptions for "HealthkitAPI Watch App" folder in "HealthkitAPI" target */,
				2A5E4CA42F31C0FF00B35848 /* Exceptions for "HealthkitAPI Watch App" folder in "HealthkitAPI Watch App" target */,
			);
			path = "HealthkitAPI Watch App";
			sourceTree = "<group>";
		};
		2A5E4D0B2F31C72700B35848 /* watch Watch App */ = {
			isa = PBXFileSystemSynchronizedRootGroup;
			path = "watch Watch App";
			sourceTree = "<group>";
		};
/* End PBXFileSystemSynchronizedRootGroup section */

/* Begin PBXFrameworksBuildPhase section */
		2A5E4C6E2F31900400B35848 /* Frameworks */ = {
			isa = PBXFrameworksBuildPhase;
			buildActionMask = 2147483647;
			files = (
				2A5E4CA12F31BFCE00B35848 /* FirebaseDatabase in Frameworks */,
				2A5E4CA32F31BFCE00B35848 /* FirebaseFirestore in Frameworks */,
				2A5E4C9F2F31BFCE00B35848 /* FirebaseCore in Frameworks */,
				2A5E4C9D2F31BFCE00B35848 /* FirebaseAuth in Frameworks */,
			);
			runOnlyForDeploymentPostprocessing = 0;
		};
/* End PBXFrameworksBuildPhase section */

/* Begin PBXGroup section */
		2A5E4C642F31900300B35848 = {
			isa = PBXGroup;
			children = (
				2A5E4C752F31900400B35848 /* HealthkitAPI Watch App */,
				2A5E4D0B2F31C72700B35848 /* watch Watch App */,
				2A5E4C6C2F31900400B35848 /* Products */,
			);
			sourceTree = "<group>";
		};
		2A5E4C6C2F31900400B35848 /* Products */ = {
			isa = PBXGroup;
			children = (
				2A5E4C6B2F31900400B35848 /* HealthkitAPI.app */,
				2A5E4C712F31900400B35848 /* HealthkitAPI Watch App.app */,
			);
			name = Products;
			sourceTree = "<group>";
		};
/* End PBXGroup section */

/* Begin PBXNativeTarget section */
		2A5E4C6A2F31900400B35848 /* HealthkitAPI */ = {
			isa = PBXNativeTarget;
			buildConfigurationList = 2A5E4C822F31900500B35848 /* Build configuration list for PBXNativeTarget "HealthkitAPI" */;
			buildPhases = (
				2A5E4C692F31900400B35848 /* Resources */,
				2A5E4C812F31900500B35848 /* Embed Watch Content */,
			);
			buildRules = (
			);
			dependencies = (
				2A5E4C742F31900400B35848 /* PBXTargetDependency */,
			);
			name = HealthkitAPI;
			packageProductDependencies = (
			);
			productName = HealthkitAPI;
			productReference = 2A5E4C6B2F31900400B35848 /* HealthkitAPI.app */;
			productType = "com.apple.product-type.application.watchapp2-container";
		};
		2A5E4C702F31900400B35848 /* HealthkitAPI Watch App */ = {
			isa = PBXNativeTarget;
			buildConfigurationList = 2A5E4C7E2F31900500B35848 /* Build configuration list for PBXNativeTarget "HealthkitAPI Watch App" */;
			buildPhases = (
				2A5E4C6D2F31900400B35848 /* Sources */,
				2A5E4C6E2F31900400B35848 /* Frameworks */,
				2A5E4C6F2F31900400B35848 /* Resources */,
			);
			buildRules = (
			);
			dependencies = (
			);
			fileSystemSynchronizedGroups = (
				2A5E4C752F31900400B35848 /* HealthkitAPI Watch App */,
			);
			name = "HealthkitAPI Watch App";
			packageProductDependencies = (
				2A5E4C9C2F31BFCE00B35848 /* FirebaseAuth */,
				2A5E4C9E2F31BFCE00B35848 /* FirebaseCore */,
				2A5E4CA02F31BFCE00B35848 /* FirebaseDatabase */,
				2A5E4CA22F31BFCE00B35848 /* FirebaseFirestore */,
			);
			productName = "HealthkitAPI Watch App";
			productReference = 2A5E4C712F31900400B35848 /* HealthkitAPI Watch App.app */;
			productType = "com.apple.product-type.application";
		};
/* End PBXNativeTarget section */

/* Begin PBXProject section */
		2A5E4C652F31900300B35848 /* Project object */ = {
			isa = PBXProject;
			attributes = {
				BuildIndependentTargetsInParallel = 1;
				LastSwiftUpdateCheck = 2620;
				LastUpgradeCheck = 2620;
				TargetAttributes = {
					2A5E4C6A2F31900400B35848 = {
						CreatedOnToolsVersion = 26.2;
					};
					2A5E4C702F31900400B35848 = {
						CreatedOnToolsVersion = 26.2;
					};
				};
			};
			buildConfigurationList = 2A5E4C682F31900300B35848 /* Build configuration list for PBXProject "HealthkitAPI" */;
			developmentRegion = en;
			hasScannedForEncodings = 0;
			knownRegions = (
				en,
				Base,
			);
			mainGroup = 2A5E4C642F31900300B35848;
			minimizedProjectReferenceProxies = 1;
			packageReferences = (
				2A5E4C9B2F31BFCE00B35848 /* XCRemoteSwiftPackageReference "firebase-ios-sdk" */,
			);
			preferredProjectObjectVersion = 77;
			productRefGroup = 2A5E4C6C2F31900400B35848 /* Products */;
			projectDirPath = "";
			projectRoot = "";
			targets = (
				2A5E4C6A2F31900400B35848 /* HealthkitAPI */,
				2A5E4C702F31900400B35848 /* HealthkitAPI Watch App */,
			);
		};
/* End PBXProject section */

/* Begin PBXResourcesBuildPhase section */
		2A5E4C692F31900400B35848 /* Resources */ = {
			isa = PBXResourcesBuildPhase;
			buildActionMask = 2147483647;
			files = (
			);
			runOnlyForDeploymentPostprocessing = 0;
		};
		2A5E4C6F2F31900400B35848 /* Resources */ = {
			isa = PBXResourcesBuildPhase;
			buildActionMask = 2147483647;
			files = (
			);
			runOnlyForDeploymentPostprocessing = 0;
		};
/* End PBXResourcesBuildPhase section */

/* Begin PBXSourcesBuildPhase section */
		2A5E4C6D2F31900400B35848 /* Sources */ = {
			isa = PBXSourcesBuildPhase;
			buildActionMask = 2147483647;
			files = (
			);
			runOnlyForDeploymentPostprocessing = 0;
		};
/* End PBXSourcesBuildPhase section */

/* Begin PBXTargetDependency section */
		2A5E4C742F31900400B35848 /* PBXTargetDependency */ = {
			isa = PBXTargetDependency;
			target = 2A5E4C702F31900400B35848 /* HealthkitAPI Watch App */;
			targetProxy = 2A5E4C732F31900400B35848 /* PBXContainerItemProxy */;
		};
/* End PBXTargetDependency section */

/* Begin XCBuildConfiguration section */
		2A5E4C7C2F31900500B35848 /* Debug */ = {
			isa = XCBuildConfiguration;
			buildSettings = {
				ALWAYS_SEARCH_USER_PATHS = NO;
				ASSETCATALOG_COMPILER_GENERATE_SWIFT_ASSET_SYMBOL_EXTENSIONS = YES;
				CLANG_ANALYZER_NONNULL = YES;
				CLANG_ANALYZER_NUMBER_OBJECT_CONVERSION = YES_AGGRESSIVE;
				CLANG_CXX_LANGUAGE_STANDARD = "gnu++20";
				CLANG_ENABLE_MODULES = YES;
				CLANG_ENABLE_OBJC_ARC = YES;
				CLANG_ENABLE_OBJC_WEAK = YES;
				CLANG_WARN_BLOCK_CAPTURE_AUTORELEASING = YES;
				CLANG_WARN_BOOL_CONVERSION = YES;
				CLANG_WARN_COMMA = YES;
				CLANG_WARN_CONSTANT_CONVERSION = YES;
				CLANG_WARN_DEPRECATED_OBJC_IMPLEMENTATIONS = YES;
				CLANG_WARN_DIRECT_OBJC_ISA_USAGE = YES_ERROR;
				CLANG_WARN_DOCUMENTATION_COMMENTS = YES;
				CLANG_WARN_EMPTY_BODY = YES;
				CLANG_WARN_ENUM_CONVERSION = YES;
				CLANG_WARN_INFINITE_RECURSION = YES;
				CLANG_WARN_INT_CONVERSION = YES;
				CLANG_WARN_NON_LITERAL_NULL_CONVERSION = YES;
				CLANG_WARN_OBJC_IMPLICIT_RETAIN_SELF = YES;
				CLANG_WARN_OBJC_LITERAL_CONVERSION = YES;
				CLANG_WARN_OBJC_ROOT_CLASS = YES_ERROR;
				CLANG_WARN_QUOTED_INCLUDE_IN_FRAMEWORK_HEADER = YES;
				CLANG_WARN_RANGE_LOOP_ANALYSIS = YES;
				CLANG_WARN_STRICT_PROTOTYPES = YES;
				CLANG_WARN_SUSPICIOUS_MOVE = YES;
				CLANG_WARN_UNGUARDED_AVAILABILITY = YES_AGGRESSIVE;
				CLANG_WARN_UNREACHABLE_CODE = YES;
				CLANG_WARN__DUPLICATE_METHOD_MATCH = YES;
				COPY_PHASE_STRIP = NO;
				DEBUG_INFORMATION_FORMAT = dwarf;
				DEVELOPMENT_TEAM = 58WX73LXKV;
				ENABLE_STRICT_OBJC_MSGSEND = YES;
				ENABLE_TESTABILITY = YES;
				ENABLE_USER_SCRIPT_SANDBOXING = YES;
				GCC_C_LANGUAGE_STANDARD = gnu17;
				GCC_DYNAMIC_NO_PIC = NO;
				GCC_NO_COMMON_BLOCKS = YES;
				GCC_OPTIMIZATION_LEVEL = 0;
				GCC_PREPROCESSOR_DEFINITIONS = (
					"DEBUG=1",
					"$(inherited)",
				);
				GCC_WARN_64_TO_32_BIT_CONVERSION = YES;
				GCC_WARN_ABOUT_RETURN_TYPE = YES_ERROR;
				GCC_WARN_UNDECLARED_SELECTOR = YES;
				GCC_WARN_UNINITIALIZED_AUTOS = YES_AGGRESSIVE;
				GCC_WARN_UNUSED_FUNCTION = YES;
				GCC_WARN_UNUSED_VARIABLE = YES;
				LOCALIZATION_PREFERS_STRING_CATALOGS = YES;
				MTL_ENABLE_DEBUG_INFO = INCLUDE_SOURCE;
				MTL_FAST_MATH = YES;
				ONLY_ACTIVE_ARCH = YES;
				SWIFT_ACTIVE_COMPILATION_CONDITIONS = "DEBUG $(inherited)";
				SWIFT_OPTIMIZATION_LEVEL = "-Onone";
			};
			name = Debug;
		};
		2A5E4C7D2F31900500B35848 /* Release */ = {
			isa = XCBuildConfiguration;
			buildSettings = {
				ALWAYS_SEARCH_USER_PATHS = NO;
				ASSETCATALOG_COMPILER_GENERATE_SWIFT_ASSET_SYMBOL_EXTENSIONS = YES;
				CLANG_ANALYZER_NONNULL = YES;
				CLANG_ANALYZER_NUMBER_OBJECT_CONVERSION = YES_AGGRESSIVE;
				CLANG_CXX_LANGUAGE_STANDARD = "gnu++20";
				CLANG_ENABLE_MODULES = YES;
				CLANG_ENABLE_OBJC_ARC = YES;
				CLANG_ENABLE_OBJC_WEAK = YES;
				CLANG_WARN_BLOCK_CAPTURE_AUTORELEASING = YES;
				CLANG_WARN_BOOL_CONVERSION = YES;
				CLANG_WARN_COMMA = YES;
				CLANG_WARN_CONSTANT_CONVERSION = YES;
				CLANG_WARN_DEPRECATED_OBJC_IMPLEMENTATIONS = YES;
				CLANG_WARN_DIRECT_OBJC_ISA_USAGE = YES_ERROR;
				CLANG_WARN_DOCUMENTATION_COMMENTS = YES;
				CLANG_WARN_EMPTY_BODY = YES;
				CLANG_WARN_ENUM_CONVERSION = YES;
				CLANG_WARN_INFINITE_RECURSION = YES;
				CLANG_WARN_INT_CONVERSION = YES;
				CLANG_WARN_NON_LITERAL_NULL_CONVERSION = YES;
				CLANG_WARN_OBJC_IMPLICIT_RETAIN_SELF = YES;
				CLANG_WARN_OBJC_LITERAL_CONVERSION = YES;
				CLANG_WARN_OBJC_ROOT_CLASS = YES_ERROR;
				CLANG_WARN_QUOTED_INCLUDE_IN_FRAMEWORK_HEADER = YES;
				CLANG_WARN_RANGE_LOOP_ANALYSIS = YES;
				CLANG_WARN_STRICT_PROTOTYPES = YES;
				CLANG_WARN_SUSPICIOUS_MOVE = YES;
				CLANG_WARN_UNGUARDED_AVAILABILITY = YES_AGGRESSIVE;
				CLANG_WARN_UNREACHABLE_CODE = YES;
				CLANG_WARN__DUPLICATE_METHOD_MATCH = YES;
				COPY_PHASE_STRIP = NO;
				DEBUG_INFORMATION_FORMAT = "dwarf-with-dsym";
				DEVELOPMENT_TEAM = 58WX73LXKV;
				ENABLE_NS_ASSERTIONS = NO;
				ENABLE_STRICT_OBJC_MSGSEND = YES;
				ENABLE_USER_SCRIPT_SANDBOXING = YES;
				GCC_C_LANGUAGE_STANDARD = gnu17;
				GCC_NO_COMMON_BLOCKS = YES;
				GCC_WARN_64_TO_32_BIT_CONVERSION = YES;
				GCC_WARN_ABOUT_RETURN_TYPE = YES_ERROR;
				GCC_WARN_UNDECLARED_SELECTOR = YES;
				GCC_WARN_UNINITIALIZED_AUTOS = YES_AGGRESSIVE;
				GCC_WARN_UNUSED_FUNCTION = YES;
				GCC_WARN_UNUSED_VARIABLE = YES;
				LOCALIZATION_PREFERS_STRING_CATALOGS = YES;
				MTL_ENABLE_DEBUG_INFO = NO;
				MTL_FAST_MATH = YES;
				SWIFT_COMPILATION_MODE = wholemodule;
			};
			name = Release;
		};
		2A5E4C7F2F31900500B35848 /* Debug */ = {
			isa = XCBuildConfiguration;
			buildSettings = {
				ASSETCATALOG_COMPILER_APPICON_NAME = AppIcon;
				ASSETCATALOG_COMPILER_GLOBAL_ACCENT_COLOR_NAME = AccentColor;
				CODE_SIGN_ENTITLEMENTS = "HealthkitAPI Watch App/HealthkitAPI Watch App.entitlements";
				CODE_SIGN_STYLE = Automatic;
				CURRENT_PROJECT_VERSION = 1;
				DEVELOPMENT_TEAM = "";
				ENABLE_PREVIEWS = YES;
				INFOPLIST_FILE = "HealthkitAPI Watch App/Info.plist";
				INFOPLIST_KEY_CFBundleDisplayName = HealthkitAPI;
				INFOPLIST_KEY_UISupportedInterfaceOrientations = "UIInterfaceOrientationPortrait UIInterfaceOrientationPortraitUpsideDown";
				INFOPLIST_KEY_WKWatchOnly = YES;
				LD_RUNPATH_SEARCH_PATHS = (
					"$(inherited)",
					"@executable_path/Frameworks",
				);
				MARKETING_VERSION = 1.0;
				PRODUCT_BUNDLE_IDENTIFIER = humonos.com.HealthkitAPI.watchkitapp;
				PRODUCT_NAME = "$(TARGET_NAME)";
				SDKROOT = watchos;
				SKIP_INSTALL = YES;
				STRING_CATALOG_GENERATE_SYMBOLS = YES;
				SWIFT_APPROACHABLE_CONCURRENCY = YES;
				SWIFT_DEFAULT_ACTOR_ISOLATION = MainActor;
				SWIFT_EMIT_LOC_STRINGS = YES;
				SWIFT_UPCOMING_FEATURE_MEMBER_IMPORT_VISIBILITY = YES;
				SWIFT_VERSION = 5.0;
				TARGETED_DEVICE_FAMILY = 4;
				WATCHOS_DEPLOYMENT_TARGET = 26.0;
			};
			name = Debug;
		};
		2A5E4C802F31900500B35848 /* Release */ = {
			isa = XCBuildConfiguration;
			buildSettings = {
				ASSETCATALOG_COMPILER_APPICON_NAME = AppIcon;
				ASSETCATALOG_COMPILER_GLOBAL_ACCENT_COLOR_NAME = AccentColor;
				CODE_SIGN_ENTITLEMENTS = "HealthkitAPI Watch App/HealthkitAPI Watch App.entitlements";
				CODE_SIGN_STYLE = Automatic;
				CURRENT_PROJECT_VERSION = 1;
				DEVELOPMENT_TEAM = "";
				ENABLE_PREVIEWS = YES;
				INFOPLIST_FILE = "HealthkitAPI Watch App/Info.plist";
				INFOPLIST_KEY_CFBundleDisplayName = HealthkitAPI;
				INFOPLIST_KEY_UISupportedInterfaceOrientations = "UIInterfaceOrientationPortrait UIInterfaceOrientationPortraitUpsideDown";
				INFOPLIST_KEY_WKWatchOnly = YES;
				LD_RUNPATH_SEARCH_PATHS = (
					"$(inherited)",
					"@executable_path/Frameworks",
				);
				MARKETING_VERSION = 1.0;
				PRODUCT_BUNDLE_IDENTIFIER = humonos.com.HealthkitAPI.watchkitapp;
				PRODUCT_NAME = "$(TARGET_NAME)";
				SDKROOT = watchos;
				SKIP_INSTALL = YES;
				STRING_CATALOG_GENERATE_SYMBOLS = YES;
				SWIFT_APPROACHABLE_CONCURRENCY = YES;
				SWIFT_DEFAULT_ACTOR_ISOLATION = MainActor;
				SWIFT_EMIT_LOC_STRINGS = YES;
				SWIFT_UPCOMING_FEATURE_MEMBER_IMPORT_VISIBILITY = YES;
				SWIFT_VERSION = 5.0;
				TARGETED_DEVICE_FAMILY = 4;
				VALIDATE_PRODUCT = YES;
				WATCHOS_DEPLOYMENT_TARGET = 26.0;
			};
			name = Release;
		};
		2A5E4C832F31900500B35848 /* Debug */ = {
			isa = XCBuildConfiguration;
			buildSettings = {
				CODE_SIGN_STYLE = Automatic;
				CURRENT_PROJECT_VERSION = 1;
				DEVELOPMENT_TEAM = "";
				INFOPLIST_KEY_CFBundleDisplayName = HealthkitAPI;
				MARKETING_VERSION = 1.0;
				PRODUCT_BUNDLE_IDENTIFIER = humonos.com.HealthkitAPI;
				PRODUCT_NAME = "$(TARGET_NAME)";
				SDKROOT = iphoneos;
				SWIFT_APPROACHABLE_CONCURRENCY = YES;
				SWIFT_UPCOMING_FEATURE_MEMBER_IMPORT_VISIBILITY = YES;
				SWIFT_VERSION = 5.0;
			};
			name = Debug;
		};
		2A5E4C842F31900500B35848 /* Release */ = {
			isa = XCBuildConfiguration;
			buildSettings = {
				CODE_SIGN_STYLE = Automatic;
				CURRENT_PROJECT_VERSION = 1;
				DEVELOPMENT_TEAM = "";
				INFOPLIST_KEY_CFBundleDisplayName = HealthkitAPI;
				MARKETING_VERSION = 1.0;
				PRODUCT_BUNDLE_IDENTIFIER = humonos.com.HealthkitAPI;
				PRODUCT_NAME = "$(TARGET_NAME)";
				SDKROOT = iphoneos;
				SWIFT_APPROACHABLE_CONCURRENCY = YES;
				SWIFT_UPCOMING_FEATURE_MEMBER_IMPORT_VISIBILITY = YES;
				SWIFT_VERSION = 5.0;
				VALIDATE_PRODUCT = YES;
			};
			name = Release;
		};
/* End XCBuildConfiguration section */

/* Begin XCConfigurationList section */
		2A5E4C682F31900300B35848 /* Build configuration list for PBXProject "HealthkitAPI" */ = {
			isa = XCConfigurationList;
			buildConfigurations = (
				2A5E4C7C2F31900500B35848 /* Debug */,
				2A5E4C7D2F31900500B35848 /* Release */,
			);
			defaultConfigurationIsVisible = 0;
			defaultConfigurationName = Release;
		};
		2A5E4C7E2F31900500B35848 /* Build configuration list for PBXNativeTarget "HealthkitAPI Watch App" */ = {
			isa = XCConfigurationList;
			buildConfigurations = (
				2A5E4C7F2F31900500B35848 /* Debug */,
				2A5E4C802F31900500B35848 /* Release */,
			);
			defaultConfigurationIsVisible = 0;
			defaultConfigurationName = Release;
		};
		2A5E4C822F31900500B35848 /* Build configuration list for PBXNativeTarget "HealthkitAPI" */ = {
			isa = XCConfigurationList;
			buildConfigurations = (
				2A5E4C832F31900500B35848 /* Debug */,
				2A5E4C842F31900500B35848 /* Release */,
			);
			defaultConfigurationIsVisible = 0;
			defaultConfigurationName = Release;
		};
/* End XCConfigurationList section */

/* Begin XCRemoteSwiftPackageReference section */
		2A5E4C9B2F31BFCE00B35848 /* XCRemoteSwiftPackageReference "firebase-ios-sdk" */ = {
			isa = XCRemoteSwiftPackageReference;
			repositoryURL = "https://github.com/firebase/firebase-ios-sdk.git";
			requirement = {
				kind = upToNextMajorVersion;
				minimumVersion = 12.8.0;
			};
		};
/* End XCRemoteSwiftPackageReference section */

/* Begin XCSwiftPackageProductDependency section */
		2A5E4C9C2F31BFCE00B35848 /* FirebaseAuth */ = {
			isa = XCSwiftPackageProductDependency;
			package = 2A5E4C9B2F31BFCE00B35848 /* XCRemoteSwiftPackageReference "firebase-ios-sdk" */;
			productName = FirebaseAuth;
		};
		2A5E4C9E2F31BFCE00B35848 /* FirebaseCore */ = {
			isa = XCSwiftPackageProductDependency;
			package = 2A5E4C9B2F31BFCE00B35848 /* XCRemoteSwiftPackageReference "firebase-ios-sdk" */;
			productName = FirebaseCore;
		};
		2A5E4CA02F31BFCE00B35848 /* FirebaseDatabase */ = {
			isa = XCSwiftPackageProductDependency;
			package = 2A5E4C9B2F31BFCE00B35848 /* XCRemoteSwiftPackageReference "firebase-ios-sdk" */;
			productName = FirebaseDatabase;
		};
		2A5E4CA22F31BFCE00B35848 /* FirebaseFirestore */ = {
			isa = XCSwiftPackageProductDependency;
			package = 2A5E4C9B2F31BFCE00B35848 /* XCRemoteSwiftPackageReference "firebase-ios-sdk" */;
			productName = FirebaseFirestore;
		};
/* End XCSwiftPackageProductDependency section */
	};
	rootObject = 2A5E4C652F31900300B35848 /* Project object */;
}
